
Microsoft Visual Studio Solution File, Format Version 12.00
# Visual Studio Version 16
VisualStudioVersion = 16.0.32602.291
MinimumVisualStudioVersion = 10.0.40219.1
Project("{FAE04EC0-301F-11D3-BF4B-00C04F79EFBC}") = "ResultsTask1", "ResultsTask1.csproj", "{343C326A-6F2A-43CD-B597-D6F741610BE4}"
EndProject
Global
	GlobalSection(SolutionConfigurationPlatforms) = preSolution
		Debug|Any CPU = Debug|Any CPU
		Release|Any CPU = Release|Any CPU
	EndGlobalSection
	GlobalSection(ProjectConfigurationPlatforms) = postSolution
		{343C326A-6F2A-43CD-B597-D6F741610BE4}.Debug|Any CPU.ActiveCfg = Debug|Any CPU
		{343C326A-6F2A-43CD-B597-D6F741610BE4}.Debug|Any CPU.Build.0 = Debug|Any CPU
		{343C326A-6F2A-43CD-B597-D6F741610BE4}.Release|Any CPU.ActiveCfg = Release|Any CPU
		{343C326A-6F2A-43CD-B597-D6F741610BE4}.Release|Any CPU.Build.0 = Release|Any CPU
	EndGlobalSection
	GlobalSection(SolutionProperties) = preSolution
		HideSolutionNode = FALSE
	EndGlobalSection
	GlobalSection(ExtensibilityGlobals) = postSolution
		SolutionGuid = {A76618C1-0699-4317-85FC-900173EF521D}
	EndGlobalSection
EndGlobal
